
Microsoft Visual Studio Solution File, Format Version 10.00
# Visual Studio 2008
Project("{8BC9CEB8-8B4A-11D0-8D11-00A0C91BC942}") = "Exact_solution", "Exact_solution\Exact_solution.vcproj", "{D7A024DF-4FF9-43FB-B0EB-39DB1A093FDA}"
EndProject
Global
	GlobalSection(SolutionConfigurationPlatforms) = preSolution
		Debug|Win32 = Debug|Win32
		Release|Win32 = Release|Win32
	EndGlobalSection
	GlobalSection(ProjectConfigurationPlatforms) = postSolution
		{D7A024DF-4FF9-43FB-B0EB-39DB1A093FDA}.Debug|Win32.ActiveCfg = Debug|Win32
		{D7A024DF-4FF9-43FB-B0EB-39DB1A093FDA}.Debug|Win32.Build.0 = Debug|Win32
		{D7A024DF-4FF9-43FB-B0EB-39DB1A093FDA}.Release|Win32.ActiveCfg = Release|Win32
		{D7A024DF-4FF9-43FB-B0EB-39DB1A093FDA}.Release|Win32.Build.0 = Release|Win32
	EndGlobalSection
	GlobalSection(SolutionProperties) = preSolution
		HideSolutionNode = FALSE
	EndGlobalSection
EndGlobal
